
Microsoft Visual Studio Solution File, Format Version 12.00
# Visual Studio Version 17
VisualStudioVersion = 17.8.34330.188
MinimumVisualStudioVersion = 10.0.40219.1
Project("{8BC9CEB8-8B4A-11D0-8D11-00A0C91BC942}") = "Экзамен 1 курс", "Экзамен 1 курс.vcxproj", "{0028E8F8-0B3A-4947-B5DF-4D55041D6982}"
EndProject
Global
	GlobalSection(SolutionConfigurationPlatforms) = preSolution
		Debug|x64 = Debug|x64
		Debug|x86 = Debug|x86
		Release|x64 = Release|x64
		Release|x86 = Release|x86
	EndGlobalSection
	GlobalSection(ProjectConfigurationPlatforms) = postSolution
		{0028E8F8-0B3A-4947-B5DF-4D55041D6982}.Debug|x64.ActiveCfg = Debug|x64
		{0028E8F8-0B3A-4947-B5DF-4D55041D6982}.Debug|x64.Build.0 = Debug|x64
		{0028E8F8-0B3A-4947-B5DF-4D55041D6982}.Debug|x86.ActiveCfg = Debug|Win32
		{0028E8F8-0B3A-4947-B5DF-4D55041D6982}.Debug|x86.Build.0 = Debug|Win32
		{0028E8F8-0B3A-4947-B5DF-4D55041D6982}.Release|x64.ActiveCfg = Release|x64
		{0028E8F8-0B3A-4947-B5DF-4D55041D6982}.Release|x64.Build.0 = Release|x64
		{0028E8F8-0B3A-4947-B5DF-4D55041D6982}.Release|x86.ActiveCfg = Release|Win32
		{0028E8F8-0B3A-4947-B5DF-4D55041D6982}.Release|x86.Build.0 = Release|Win32
	EndGlobalSection
	GlobalSection(SolutionProperties) = preSolution
		HideSolutionNode = FALSE
	EndGlobalSection
	GlobalSection(ExtensibilityGlobals) = postSolution
		SolutionGuid = {E7AED3D0-C800-489B-AB77-70FDD65FCC70}
	EndGlobalSection
EndGlobal
