
Microsoft Visual Studio Solution File, Format Version 12.00
# Visual Studio Version 16
VisualStudioVersion = 16.0.31911.196
MinimumVisualStudioVersion = 10.0.40219.1
Project("{8BC9CEB8-8B4A-11D0-8D11-00A0C91BC942}") = "cpp+sam 3", "cpp+sam 3.vcxproj", "{CBC94BF7-5083-4BA8-A7EE-DE17FF809590}"
EndProject
Global
	GlobalSection(SolutionConfigurationPlatforms) = preSolution
		Debug|x64 = Debug|x64
		Debug|x86 = Debug|x86
		Release|x64 = Release|x64
		Release|x86 = Release|x86
	EndGlobalSection
	GlobalSection(ProjectConfigurationPlatforms) = postSolution
		{CBC94BF7-5083-4BA8-A7EE-DE17FF809590}.Debug|x64.ActiveCfg = Debug|x64
		{CBC94BF7-5083-4BA8-A7EE-DE17FF809590}.Debug|x64.Build.0 = Debug|x64
		{CBC94BF7-5083-4BA8-A7EE-DE17FF809590}.Debug|x86.ActiveCfg = Debug|Win32
		{CBC94BF7-5083-4BA8-A7EE-DE17FF809590}.Debug|x86.Build.0 = Debug|Win32
		{CBC94BF7-5083-4BA8-A7EE-DE17FF809590}.Release|x64.ActiveCfg = Release|x64
		{CBC94BF7-5083-4BA8-A7EE-DE17FF809590}.Release|x64.Build.0 = Release|x64
		{CBC94BF7-5083-4BA8-A7EE-DE17FF809590}.Release|x86.ActiveCfg = Release|Win32
		{CBC94BF7-5083-4BA8-A7EE-DE17FF809590}.Release|x86.Build.0 = Release|Win32
	EndGlobalSection
	GlobalSection(SolutionProperties) = preSolution
		HideSolutionNode = FALSE
	EndGlobalSection
	GlobalSection(ExtensibilityGlobals) = postSolution
		SolutionGuid = {EDE10798-4D29-4583-9540-5C5FF77C215C}
	EndGlobalSection
EndGlobal
