
Microsoft Visual Studio Solution File, Format Version 12.00
# Visual Studio Version 16
VisualStudioVersion = 16.0.30204.135
MinimumVisualStudioVersion = 10.0.40219.1
Project("{FAE04EC0-301F-11D3-BF4B-00C04F79EFBC}") = "Aquarium", "Aquarium.csproj", "{80FF092E-F92C-4E14-AB29-A82EBA332267}"
EndProject
Global
	GlobalSection(SolutionConfigurationPlatforms) = preSolution
		Debug|Any CPU = Debug|Any CPU
		Release|Any CPU = Release|Any CPU
	EndGlobalSection
	GlobalSection(ProjectConfigurationPlatforms) = postSolution
		{80FF092E-F92C-4E14-AB29-A82EBA332267}.Debug|Any CPU.ActiveCfg = Debug|Any CPU
		{80FF092E-F92C-4E14-AB29-A82EBA332267}.Debug|Any CPU.Build.0 = Debug|Any CPU
		{80FF092E-F92C-4E14-AB29-A82EBA332267}.Release|Any CPU.ActiveCfg = Release|Any CPU
		{80FF092E-F92C-4E14-AB29-A82EBA332267}.Release|Any CPU.Build.0 = Release|Any CPU
	EndGlobalSection
	GlobalSection(SolutionProperties) = preSolution
		HideSolutionNode = FALSE
	EndGlobalSection
	GlobalSection(ExtensibilityGlobals) = postSolution
		SolutionGuid = {2C5E1D60-F1BC-4C63-917A-E70BB13357F8}
	EndGlobalSection
EndGlobal
