
Microsoft Visual Studio Solution File, Format Version 12.00
# Visual Studio Version 16
VisualStudioVersion = 16.0.29728.190
MinimumVisualStudioVersion = 10.0.40219.1
Project("{FAE04EC0-301F-11D3-BF4B-00C04F79EFBC}") = "Password", "Password.csproj", "{454A16B9-3021-4AAC-A589-17D60C2CE0B3}"
EndProject
Global
	GlobalSection(SolutionConfigurationPlatforms) = preSolution
		Debug|Any CPU = Debug|Any CPU
		Release|Any CPU = Release|Any CPU
	EndGlobalSection
	GlobalSection(ProjectConfigurationPlatforms) = postSolution
		{454A16B9-3021-4AAC-A589-17D60C2CE0B3}.Debug|Any CPU.ActiveCfg = Debug|Any CPU
		{454A16B9-3021-4AAC-A589-17D60C2CE0B3}.Debug|Any CPU.Build.0 = Debug|Any CPU
		{454A16B9-3021-4AAC-A589-17D60C2CE0B3}.Release|Any CPU.ActiveCfg = Release|Any CPU
		{454A16B9-3021-4AAC-A589-17D60C2CE0B3}.Release|Any CPU.Build.0 = Release|Any CPU
	EndGlobalSection
	GlobalSection(SolutionProperties) = preSolution
		HideSolutionNode = FALSE
	EndGlobalSection
	GlobalSection(ExtensibilityGlobals) = postSolution
		SolutionGuid = {4EEFD2B7-F9B2-46F3-94E3-862082D4863B}
	EndGlobalSection
EndGlobal
