
Microsoft Visual Studio Solution File, Format Version 12.00
# Visual Studio Version 17
VisualStudioVersion = 17.7.34202.233
MinimumVisualStudioVersion = 10.0.40219.1
Project("{8BC9CEB8-8B4A-11D0-8D11-00A0C91BC942}") = "5 - 2 - Класс. Чайник", "5 - 2 - Класс. Чайник.vcxproj", "{54AD4982-01D8-489C-B7B2-A236EFA65356}"
EndProject
Global
	GlobalSection(SolutionConfigurationPlatforms) = preSolution
		Debug|x64 = Debug|x64
		Debug|x86 = Debug|x86
		Release|x64 = Release|x64
		Release|x86 = Release|x86
	EndGlobalSection
	GlobalSection(ProjectConfigurationPlatforms) = postSolution
		{54AD4982-01D8-489C-B7B2-A236EFA65356}.Debug|x64.ActiveCfg = Debug|x64
		{54AD4982-01D8-489C-B7B2-A236EFA65356}.Debug|x64.Build.0 = Debug|x64
		{54AD4982-01D8-489C-B7B2-A236EFA65356}.Debug|x86.ActiveCfg = Debug|Win32
		{54AD4982-01D8-489C-B7B2-A236EFA65356}.Debug|x86.Build.0 = Debug|Win32
		{54AD4982-01D8-489C-B7B2-A236EFA65356}.Release|x64.ActiveCfg = Release|x64
		{54AD4982-01D8-489C-B7B2-A236EFA65356}.Release|x64.Build.0 = Release|x64
		{54AD4982-01D8-489C-B7B2-A236EFA65356}.Release|x86.ActiveCfg = Release|Win32
		{54AD4982-01D8-489C-B7B2-A236EFA65356}.Release|x86.Build.0 = Release|Win32
	EndGlobalSection
	GlobalSection(SolutionProperties) = preSolution
		HideSolutionNode = FALSE
	EndGlobalSection
	GlobalSection(ExtensibilityGlobals) = postSolution
		SolutionGuid = {2B159AD8-6A9E-4B8F-8691-FB43DD5BADD5}
	EndGlobalSection
EndGlobal
