
Microsoft Visual Studio Solution File, Format Version 12.00
# Visual Studio Version 16
VisualStudioVersion = 16.0.29728.190
MinimumVisualStudioVersion = 10.0.40219.1
Project("{FAE04EC0-301F-11D3-BF4B-00C04F79EFBC}") = "Обучение", "Обучение.csproj", "{58E13FA6-98DD-48AB-A0B8-AD4025A06390}"
EndProject
Global
	GlobalSection(SolutionConfigurationPlatforms) = preSolution
		Debug|Any CPU = Debug|Any CPU
		Release|Any CPU = Release|Any CPU
	EndGlobalSection
	GlobalSection(ProjectConfigurationPlatforms) = postSolution
		{58E13FA6-98DD-48AB-A0B8-AD4025A06390}.Debug|Any CPU.ActiveCfg = Debug|Any CPU
		{58E13FA6-98DD-48AB-A0B8-AD4025A06390}.Debug|Any CPU.Build.0 = Debug|Any CPU
		{58E13FA6-98DD-48AB-A0B8-AD4025A06390}.Release|Any CPU.ActiveCfg = Release|Any CPU
		{58E13FA6-98DD-48AB-A0B8-AD4025A06390}.Release|Any CPU.Build.0 = Release|Any CPU
	EndGlobalSection
	GlobalSection(SolutionProperties) = preSolution
		HideSolutionNode = FALSE
	EndGlobalSection
	GlobalSection(ExtensibilityGlobals) = postSolution
		SolutionGuid = {29B98554-BC7E-4973-9EC9-73C5D3385920}
	EndGlobalSection
EndGlobal
