
Microsoft Visual Studio Solution File, Format Version 12.00
# Visual Studio Version 16
VisualStudioVersion = 16.0.31911.196
MinimumVisualStudioVersion = 10.0.40219.1
Project("{8BC9CEB8-8B4A-11D0-8D11-00A0C91BC942}") = "ВУЗ_12", "ВУЗ_12.vcxproj", "{71002DDB-DAD5-442A-BA1A-A3DA086A3A76}"
EndProject
Global
	GlobalSection(SolutionConfigurationPlatforms) = preSolution
		Debug|x64 = Debug|x64
		Debug|x86 = Debug|x86
		Release|x64 = Release|x64
		Release|x86 = Release|x86
	EndGlobalSection
	GlobalSection(ProjectConfigurationPlatforms) = postSolution
		{71002DDB-DAD5-442A-BA1A-A3DA086A3A76}.Debug|x64.ActiveCfg = Debug|x64
		{71002DDB-DAD5-442A-BA1A-A3DA086A3A76}.Debug|x64.Build.0 = Debug|x64
		{71002DDB-DAD5-442A-BA1A-A3DA086A3A76}.Debug|x86.ActiveCfg = Debug|Win32
		{71002DDB-DAD5-442A-BA1A-A3DA086A3A76}.Debug|x86.Build.0 = Debug|Win32
		{71002DDB-DAD5-442A-BA1A-A3DA086A3A76}.Release|x64.ActiveCfg = Release|x64
		{71002DDB-DAD5-442A-BA1A-A3DA086A3A76}.Release|x64.Build.0 = Release|x64
		{71002DDB-DAD5-442A-BA1A-A3DA086A3A76}.Release|x86.ActiveCfg = Release|Win32
		{71002DDB-DAD5-442A-BA1A-A3DA086A3A76}.Release|x86.Build.0 = Release|Win32
	EndGlobalSection
	GlobalSection(SolutionProperties) = preSolution
		HideSolutionNode = FALSE
	EndGlobalSection
	GlobalSection(ExtensibilityGlobals) = postSolution
		SolutionGuid = {21CDFB15-8640-43AC-8C9E-6D4F0221E8DB}
	EndGlobalSection
EndGlobal
