
Microsoft Visual Studio Solution File, Format Version 12.00
# Visual Studio Version 16
VisualStudioVersion = 16.0.31911.196
MinimumVisualStudioVersion = 10.0.40219.1
Project("{8BC9CEB8-8B4A-11D0-8D11-00A0C91BC942}") = "ВУЗ_8", "ВУЗ_8.vcxproj", "{3B79E031-8DD3-48E3-8E6B-C8A506E62150}"
EndProject
Global
	GlobalSection(SolutionConfigurationPlatforms) = preSolution
		Debug|x64 = Debug|x64
		Debug|x86 = Debug|x86
		Release|x64 = Release|x64
		Release|x86 = Release|x86
	EndGlobalSection
	GlobalSection(ProjectConfigurationPlatforms) = postSolution
		{3B79E031-8DD3-48E3-8E6B-C8A506E62150}.Debug|x64.ActiveCfg = Debug|x64
		{3B79E031-8DD3-48E3-8E6B-C8A506E62150}.Debug|x64.Build.0 = Debug|x64
		{3B79E031-8DD3-48E3-8E6B-C8A506E62150}.Debug|x86.ActiveCfg = Debug|Win32
		{3B79E031-8DD3-48E3-8E6B-C8A506E62150}.Debug|x86.Build.0 = Debug|Win32
		{3B79E031-8DD3-48E3-8E6B-C8A506E62150}.Release|x64.ActiveCfg = Release|x64
		{3B79E031-8DD3-48E3-8E6B-C8A506E62150}.Release|x64.Build.0 = Release|x64
		{3B79E031-8DD3-48E3-8E6B-C8A506E62150}.Release|x86.ActiveCfg = Release|Win32
		{3B79E031-8DD3-48E3-8E6B-C8A506E62150}.Release|x86.Build.0 = Release|Win32
	EndGlobalSection
	GlobalSection(SolutionProperties) = preSolution
		HideSolutionNode = FALSE
	EndGlobalSection
	GlobalSection(ExtensibilityGlobals) = postSolution
		SolutionGuid = {EDA1810C-8162-459E-8D35-D3A19B04A9AD}
	EndGlobalSection
EndGlobal
