
Microsoft Visual Studio Solution File, Format Version 12.00
# Visual Studio Version 16
VisualStudioVersion = 16.0.30204.135
MinimumVisualStudioVersion = 10.0.40219.1
Project("{FAE04EC0-301F-11D3-BF4B-00C04F79EFBC}") = "Game2d", "Game2d.csproj", "{2F4A434E-8629-4450-9250-AC4E74C6BA64}"
EndProject
Global
	GlobalSection(SolutionConfigurationPlatforms) = preSolution
		Debug|Any CPU = Debug|Any CPU
		Release|Any CPU = Release|Any CPU
	EndGlobalSection
	GlobalSection(ProjectConfigurationPlatforms) = postSolution
		{2F4A434E-8629-4450-9250-AC4E74C6BA64}.Debug|Any CPU.ActiveCfg = Debug|Any CPU
		{2F4A434E-8629-4450-9250-AC4E74C6BA64}.Debug|Any CPU.Build.0 = Debug|Any CPU
		{2F4A434E-8629-4450-9250-AC4E74C6BA64}.Release|Any CPU.ActiveCfg = Release|Any CPU
		{2F4A434E-8629-4450-9250-AC4E74C6BA64}.Release|Any CPU.Build.0 = Release|Any CPU
	EndGlobalSection
	GlobalSection(SolutionProperties) = preSolution
		HideSolutionNode = FALSE
	EndGlobalSection
	GlobalSection(ExtensibilityGlobals) = postSolution
		SolutionGuid = {4AA52AD2-236F-4B65-A057-246580397BF4}
	EndGlobalSection
EndGlobal
